
Microsoft Visual Studio Solution File, Format Version 12.00
Project("{FAE04EC0-301F-11D3-BF4B-00C04F79EFBC}") = "Notes.Application", "Notes.Application\Notes.Application.csproj", "{C06478A0-61BD-4336-AAB7-87D0A173A0E4}"
EndProject
Project("{FAE04EC0-301F-11D3-BF4B-00C04F79EFBC}") = "Notes.Domain", "Notes.Domain\Notes.Domain.csproj", "{6550812D-0C90-4B3F-86FC-8EAE432BC901}"
EndProject
Project("{FAE04EC0-301F-11D3-BF4B-00C04F79EFBC}") = "Notes.Persistence", "Notes.Persistence\Notes.Persistence.csproj", "{AFA5A62A-DC77-4679-B63C-029AD6524586}"
EndProject
Project("{FAE04EC0-301F-11D3-BF4B-00C04F79EFBC}") = "Notes.WebApi", "Notes.WebApi\Notes.WebApi.csproj", "{62BAA23F-3EE7-43B3-A234-0186F9395DBC}"
EndProject
Global
	GlobalSection(SolutionConfigurationPlatforms) = preSolution
		Debug|Any CPU = Debug|Any CPU
		Release|Any CPU = Release|Any CPU
	EndGlobalSection
	GlobalSection(ProjectConfigurationPlatforms) = postSolution
		{C06478A0-61BD-4336-AAB7-87D0A173A0E4}.Debug|Any CPU.ActiveCfg = Debug|Any CPU
		{C06478A0-61BD-4336-AAB7-87D0A173A0E4}.Debug|Any CPU.Build.0 = Debug|Any CPU
		{C06478A0-61BD-4336-AAB7-87D0A173A0E4}.Release|Any CPU.ActiveCfg = Release|Any CPU
		{C06478A0-61BD-4336-AAB7-87D0A173A0E4}.Release|Any CPU.Build.0 = Release|Any CPU
		{6550812D-0C90-4B3F-86FC-8EAE432BC901}.Debug|Any CPU.ActiveCfg = Debug|Any CPU
		{6550812D-0C90-4B3F-86FC-8EAE432BC901}.Debug|Any CPU.Build.0 = Debug|Any CPU
		{6550812D-0C90-4B3F-86FC-8EAE432BC901}.Release|Any CPU.ActiveCfg = Release|Any CPU
		{6550812D-0C90-4B3F-86FC-8EAE432BC901}.Release|Any CPU.Build.0 = Release|Any CPU
		{AFA5A62A-DC77-4679-B63C-029AD6524586}.Debug|Any CPU.ActiveCfg = Debug|Any CPU
		{AFA5A62A-DC77-4679-B63C-029AD6524586}.Debug|Any CPU.Build.0 = Debug|Any CPU
		{AFA5A62A-DC77-4679-B63C-029AD6524586}.Release|Any CPU.ActiveCfg = Release|Any CPU
		{AFA5A62A-DC77-4679-B63C-029AD6524586}.Release|Any CPU.Build.0 = Release|Any CPU
		{62BAA23F-3EE7-43B3-A234-0186F9395DBC}.Debug|Any CPU.ActiveCfg = Debug|Any CPU
		{62BAA23F-3EE7-43B3-A234-0186F9395DBC}.Debug|Any CPU.Build.0 = Debug|Any CPU
		{62BAA23F-3EE7-43B3-A234-0186F9395DBC}.Release|Any CPU.ActiveCfg = Release|Any CPU
		{62BAA23F-3EE7-43B3-A234-0186F9395DBC}.Release|Any CPU.Build.0 = Release|Any CPU
	EndGlobalSection
EndGlobal
